<?xml version="1.0" encoding="utf-8"?>
<Project ToolsVersion="4.0" xmlns="http://schemas.microsoft.com/developer/msbuild/2003">
  <ItemGroup>
    <Filter Include="Source Files">
      <UniqueIdentifier>{4FC737F1-C7A5-4376-A066-2A32D752A2FF}</UniqueIdentifier>
      <Extensions>cpp;c;cc;cxx;def;odl;idl;hpj;bat;asm;asmx</Extensions>
    </Filter>
    <Filter Include="Header Files">
      <UniqueIdentifier>{93995380-89BD-4b04-88EB-625FBE52EBFB}</UniqueIdentifier>
      <Extensions>h;hh;hpp;hxx;hm;inl;inc;xsd</Extensions>
    </Filter>
    <Filter Include="Resource Files">
      <UniqueIdentifier>{67DA6AB6-F800-4c08-8B7A-83BB121AAD01}</UniqueIdentifier>
      <Extensions>rc;ico;cur;bmp;dlg;rc2;rct;bin;rgs;gif;jpg;jpeg;jpe;resx;tiff;tif;png;wav;mfcribbon-ms</Extensions>
    </Filter>
  </ItemGroup>
  <ItemGroup>
    <Text Include="ReadMe.txt" />
  </ItemGroup>
  <ItemGroup>
    <ClInclude Include="stdafx.h">
      <Filter>Header Files</Filter>
    </ClInclude>
    <ClInclude Include="targetver.h">
      <Filter>Header Files</Filter>
    </ClInclude>
    <ClInclude Include="server_http_session.h">
      <Filter>Header Files</Filter>
    </ClInclude>
    <ClInclude Include="client_http_session.h">
      <Filter>Header Files</Filter>
    </ClInclude>
    <ClInclude Include="base_packet_handler.h">
      <Filter>Header Files</Filter>
    </ClInclude>
    <ClInclude Include="client_http.h">
      <Filter>Header Files</Filter>
    </ClInclude>
    <ClInclude Include="final_packet_handler.h">
      <Filter>Header Files</Filter>
    </ClInclude>
    <ClInclude Include="game_bulls_and_cows.h">
      <Filter>Header Files</Filter>
    </ClInclude>
    <ClInclude Include="i_event_handler.h">
      <Filter>Header Files</Filter>
    </ClInclude>
    <ClInclude Include="i_handlers_factory.h">
      <Filter>Header Files</Filter>
    </ClInclude>
    <ClInclude Include="i_network_helper.h">
      <Filter>Header Files</Filter>
    </ClInclude>
    <ClInclude Include="i_packet_handler.h">
      <Filter>Header Files</Filter>
    </ClInclude>
    <ClInclude Include="i_reply_helper.h">
      <Filter>Header Files</Filter>
    </ClInclude>
    <ClInclude Include="i_send_strategy.h">
      <Filter>Header Files</Filter>
    </ClInclude>
    <ClInclude Include="i_tiny_app.h">
      <Filter>Header Files</Filter>
    </ClInclude>
    <ClInclude Include="logger.h">
      <Filter>Header Files</Filter>
    </ClInclude>
    <ClInclude Include="main_config.h">
      <Filter>Header Files</Filter>
    </ClInclude>
    <ClInclude Include="main_controller.h">
      <Filter>Header Files</Filter>
    </ClInclude>
    <ClInclude Include="network_helper.h">
      <Filter>Header Files</Filter>
    </ClInclude>
    <ClInclude Include="reply_helper_basic.h">
      <Filter>Header Files</Filter>
    </ClInclude>
    <ClInclude Include="secret_word.h">
      <Filter>Header Files</Filter>
    </ClInclude>
    <ClInclude Include="server_http.h">
      <Filter>Header Files</Filter>
    </ClInclude>
    <ClInclude Include="telegram_event_handler.h">
      <Filter>Header Files</Filter>
    </ClInclude>
    <ClInclude Include="telegram_event_handler_message.h">
      <Filter>Header Files</Filter>
    </ClInclude>
    <ClInclude Include="telegram_event_handler_null_object.h">
      <Filter>Header Files</Filter>
    </ClInclude>
    <ClInclude Include="telegram_factory.h">
      <Filter>Header Files</Filter>
    </ClInclude>
    <ClInclude Include="telegram_packet_handler.h">
      <Filter>Header Files</Filter>
    </ClInclude>
    <ClInclude Include="telegram_send_strategy.h">
      <Filter>Header Files</Filter>
    </ClInclude>
    <ClInclude Include="tiny_apps_pool.h">
      <Filter>Header Files</Filter>
    </ClInclude>
    <ClInclude Include="viber_event_handler.h">
      <Filter>Header Files</Filter>
    </ClInclude>
    <ClInclude Include="viber_event_handler_delivered.h">
      <Filter>Header Files</Filter>
    </ClInclude>
    <ClInclude Include="viber_event_handler_message.h">
      <Filter>Header Files</Filter>
    </ClInclude>
    <ClInclude Include="viber_event_handler_null_object.h">
      <Filter>Header Files</Filter>
    </ClInclude>
    <ClInclude Include="viber_event_handler_seen.h">
      <Filter>Header Files</Filter>
    </ClInclude>
    <ClInclude Include="viber_factory.h">
      <Filter>Header Files</Filter>
    </ClInclude>
    <ClInclude Include="viber_packet_handler.h">
      <Filter>Header Files</Filter>
    </ClInclude>
    <ClInclude Include="viber_send_strategy.h">
      <Filter>Header Files</Filter>
    </ClInclude>
    <ClInclude Include="tiny_apps_store.h">
      <Filter>Header Files</Filter>
    </ClInclude>
    <ClInclude Include="i_tiny_apps_store.h">
      <Filter>Header Files</Filter>
    </ClInclude>
    <ClInclude Include="i_tiny_apps_pool.h">
      <Filter>Header Files</Filter>
    </ClInclude>
    <ClInclude Include="i_client_http.h">
      <Filter>Header Files</Filter>
    </ClInclude>
    <ClInclude Include="i_server_http.h">
      <Filter>Header Files</Filter>
    </ClInclude>
    <ClInclude Include="viber_event_handler_started.h">
      <Filter>Header Files</Filter>
    </ClInclude>
    <ClInclude Include="i_bot_handler.h">
      <Filter>Header Files</Filter>
    </ClInclude>
    <ClInclude Include="bot_handler.h">
      <Filter>Header Files</Filter>
    </ClInclude>
  </ItemGroup>
  <ItemGroup>
    <ClCompile Include="stdafx.cpp">
      <Filter>Source Files</Filter>
    </ClCompile>
    <ClCompile Include="client_http_session.cpp">
      <Filter>Source Files</Filter>
    </ClCompile>
    <ClCompile Include="server_http_session.cpp">
      <Filter>Source Files</Filter>
    </ClCompile>
    <ClCompile Include="client_http.cpp">
      <Filter>Source Files</Filter>
    </ClCompile>
    <ClCompile Include="final_packet_handler.cpp">
      <Filter>Source Files</Filter>
    </ClCompile>
    <ClCompile Include="game_bulls_and_cows.cpp">
      <Filter>Source Files</Filter>
    </ClCompile>
    <ClCompile Include="main_config.cpp">
      <Filter>Source Files</Filter>
    </ClCompile>
    <ClCompile Include="main_controller.cpp">
      <Filter>Source Files</Filter>
    </ClCompile>
    <ClCompile Include="network_helper.cpp">
      <Filter>Source Files</Filter>
    </ClCompile>
    <ClCompile Include="reply_helper_basic.cpp">
      <Filter>Source Files</Filter>
    </ClCompile>
    <ClCompile Include="secret_word.cpp">
      <Filter>Source Files</Filter>
    </ClCompile>
    <ClCompile Include="server_http.cpp">
      <Filter>Source Files</Filter>
    </ClCompile>
    <ClCompile Include="telegram_factory.cpp">
      <Filter>Source Files</Filter>
    </ClCompile>
    <ClCompile Include="telegram_packet_handler.cpp">
      <Filter>Source Files</Filter>
    </ClCompile>
    <ClCompile Include="telegram_send_strategy.cpp">
      <Filter>Source Files</Filter>
    </ClCompile>
    <ClCompile Include="tiny_apps_pool.cpp">
      <Filter>Source Files</Filter>
    </ClCompile>
    <ClCompile Include="viber_factory.cpp">
      <Filter>Source Files</Filter>
    </ClCompile>
    <ClCompile Include="viber_packet_handler.cpp">
      <Filter>Source Files</Filter>
    </ClCompile>
    <ClCompile Include="viber_send_strategy.cpp">
      <Filter>Source Files</Filter>
    </ClCompile>
    <ClCompile Include="logger.cpp">
      <Filter>Source Files</Filter>
    </ClCompile>
    <ClCompile Include="tiny_apps_store.cpp">
      <Filter>Source Files</Filter>
    </ClCompile>
    <ClCompile Include="main.cpp">
      <Filter>Source Files</Filter>
    </ClCompile>
    <ClCompile Include="bot_handler.cpp">
      <Filter>Source Files</Filter>
    </ClCompile>
  </ItemGroup>
  <ItemGroup>
    <None Include="packages.config" />
  </ItemGroup>
</Project>